// !$*UTF8*$!
{
	archiveVersion = 1;
	classes = {
	};
	objectVersion = 46;
	objects = {

/* Begin PBXBuildFile section */
		D03033F91A3873570013A5CA /* PlaySoundsViewController.swift in Sources */ = {isa = PBXBuildFile; fileRef = D03033F81A3873570013A5CA /* PlaySoundsViewController.swift */; };
		D03033FB1A3877900013A5CA /* movie_quote.mp3 in Resources */ = {isa = PBXBuildFile; fileRef = D03033FA1A3877900013A5CA /* movie_quote.mp3 */; };
		D03033FD1A3877C40013A5CA /* AVFoundation.framework in Frameworks */ = {isa = PBXBuildFile; fileRef = D03033FC1A3877C40013A5CA /* AVFoundation.framework */; };
		D03033FF1A3886C50013A5CA /* RecordedAudio.swift in Sources */ = {isa = PBXBuildFile; fileRef = D03033FE1A3886C50013A5CA /* RecordedAudio.swift */; };
		D030341A1A3984C10013A5CA /* LocationViewController.swift in Sources */ = {isa = PBXBuildFile; fileRef = D03034191A3984C10013A5CA /* LocationViewController.swift */; };
		D030341C1A3984F70013A5CA /* CoreLocation.framework in Frameworks */ = {isa = PBXBuildFile; fileRef = D030341B1A3984F70013A5CA /* CoreLocation.framework */; };
		D079ADEE1A4085710025E248 /* IPAddress.m in Sources */ = {isa = PBXBuildFile; fileRef = D079ADED1A4085710025E248 /* IPAddress.m */; };
		D079ADEF1A40863C0025E248 /* IPAddress.m in Sources */ = {isa = PBXBuildFile; fileRef = D079ADED1A4085710025E248 /* IPAddress.m */; };
		D079ADF11A408B660025E248 /* ipaddress.c in Sources */ = {isa = PBXBuildFile; fileRef = D079ADF01A408B660025E248 /* ipaddress.c */; };
		D079ADF21A408D4D0025E248 /* ipaddress.c in Sources */ = {isa = PBXBuildFile; fileRef = D079ADF01A408B660025E248 /* ipaddress.c */; };
		D0A356771A39BB7900095BDE /* LocationManager.swift in Sources */ = {isa = PBXBuildFile; fileRef = D0A356761A39BB7900095BDE /* LocationManager.swift */; };
		D0A356961A3A0CFA00095BDE /* NotificationCenter.framework in Frameworks */ = {isa = PBXBuildFile; fileRef = D0A356811A39CB6100095BDE /* NotificationCenter.framework */; };
		D0A356A01A3A0CFA00095BDE /* Where Am I.appex in Embed App Extensions */ = {isa = PBXBuildFile; fileRef = D0A356951A3A0CF900095BDE /* Where Am I.appex */; settings = {ATTRIBUTES = (RemoveHeadersOnCopy, ); }; };
		D0A356A71A3A0D4700095BDE /* MainInterface.storyboard in Resources */ = {isa = PBXBuildFile; fileRef = D0A356A51A3A0D4700095BDE /* MainInterface.storyboard */; };
		D0A356A81A3A0D4700095BDE /* TodayViewController.swift in Sources */ = {isa = PBXBuildFile; fileRef = D0A356A61A3A0D4700095BDE /* TodayViewController.swift */; };
		D0A356AC1A3A0D6000095BDE /* Info.plist in Resources */ = {isa = PBXBuildFile; fileRef = D0A356AB1A3A0D6000095BDE /* Info.plist */; };
		D0A356AE1A3A122500095BDE /* LocationManager.swift in Sources */ = {isa = PBXBuildFile; fileRef = D0A356761A39BB7900095BDE /* LocationManager.swift */; };
		D0F9A1381A2A70010065B15C /* AppDelegate.swift in Sources */ = {isa = PBXBuildFile; fileRef = D0F9A1371A2A70010065B15C /* AppDelegate.swift */; };
		D0F9A13A1A2A70020065B15C /* RecordSoundsViewController.swift in Sources */ = {isa = PBXBuildFile; fileRef = D0F9A1391A2A70020065B15C /* RecordSoundsViewController.swift */; };
		D0F9A13D1A2A70020065B15C /* Main.storyboard in Resources */ = {isa = PBXBuildFile; fileRef = D0F9A13B1A2A70020065B15C /* Main.storyboard */; };
		D0F9A13F1A2A70020065B15C /* Images.xcassets in Resources */ = {isa = PBXBuildFile; fileRef = D0F9A13E1A2A70020065B15C /* Images.xcassets */; };
		D0F9A1421A2A70030065B15C /* LaunchScreen.xib in Resources */ = {isa = PBXBuildFile; fileRef = D0F9A1401A2A70030065B15C /* LaunchScreen.xib */; };
		D0F9A14E1A2A70030065B15C /* Pitch_PerfectTests.swift in Sources */ = {isa = PBXBuildFile; fileRef = D0F9A14D1A2A70030065B15C /* Pitch_PerfectTests.swift */; };
/* End PBXBuildFile section */

/* Begin PBXContainerItemProxy section */
		D0F9A1481A2A70030065B15C /* PBXContainerItemProxy */ = {
			isa = PBXContainerItemProxy;
			containerPortal = D0F9A12A1A2A70000065B15C /* Project object */;
			proxyType = 1;
			remoteGlobalIDString = D0F9A1311A2A70000065B15C;
			remoteInfo = "Pitch Perfect";
		};
/* End PBXContainerItemProxy section */

/* Begin PBXCopyFilesBuildPhase section */
		D0A356901A39CB6100095BDE /* Embed App Extensions */ = {
			isa = PBXCopyFilesBuildPhase;
			buildActionMask = 2147483647;
			dstPath = "";
			dstSubfolderSpec = 13;
			files = (
				D0A356A01A3A0CFA00095BDE /* Where Am I.appex in Embed App Extensions */,
			);
			name = "Embed App Extensions";
			runOnlyForDeploymentPostprocessing = 0;
		};
/* End PBXCopyFilesBuildPhase section */

/* Begin PBXFileReference section */
		D03033F81A3873570013A5CA /* PlaySoundsViewController.swift */ = {isa = PBXFileReference; fileEncoding = 4; lastKnownFileType = sourcecode.swift; path = PlaySoundsViewController.swift; sourceTree = "<group>"; };
		D03033FA1A3877900013A5CA /* movie_quote.mp3 */ = {isa = PBXFileReference; lastKnownFileType = audio.mp3; path = movie_quote.mp3; sourceTree = "<group>"; };
		D03033FC1A3877C40013A5CA /* AVFoundation.framework */ = {isa = PBXFileReference; lastKnownFileType = wrapper.framework; name = AVFoundation.framework; path = System/Library/Frameworks/AVFoundation.framework; sourceTree = SDKROOT; };
		D03033FE1A3886C50013A5CA /* RecordedAudio.swift */ = {isa = PBXFileReference; fileEncoding = 4; lastKnownFileType = sourcecode.swift; path = RecordedAudio.swift; sourceTree = "<group>"; };
		D03034191A3984C10013A5CA /* LocationViewController.swift */ = {isa = PBXFileReference; fileEncoding = 4; lastKnownFileType = sourcecode.swift; path = LocationViewController.swift; sourceTree = "<group>"; };
		D030341B1A3984F70013A5CA /* CoreLocation.framework */ = {isa = PBXFileReference; lastKnownFileType = wrapper.framework; name = CoreLocation.framework; path = System/Library/Frameworks/CoreLocation.framework; sourceTree = SDKROOT; };
		D079ADEC1A4085710025E248 /* IPAddress.h */ = {isa = PBXFileReference; fileEncoding = 4; lastKnownFileType = sourcecode.c.h; path = IPAddress.h; sourceTree = "<group>"; };
		D079ADED1A4085710025E248 /* IPAddress.m */ = {isa = PBXFileReference; fileEncoding = 4; lastKnownFileType = sourcecode.c.objc; path = IPAddress.m; sourceTree = "<group>"; };
		D079ADF01A408B660025E248 /* ipaddress.c */ = {isa = PBXFileReference; fileEncoding = 4; lastKnownFileType = sourcecode.c.c; path = ipaddress.c; sourceTree = "<group>"; };
		D079ADF41A408EA70025E248 /* cipaddress.h */ = {isa = PBXFileReference; lastKnownFileType = sourcecode.c.h; path = cipaddress.h; sourceTree = "<group>"; };
		D0A356761A39BB7900095BDE /* LocationManager.swift */ = {isa = PBXFileReference; fileEncoding = 4; lastKnownFileType = sourcecode.swift; path = LocationManager.swift; sourceTree = "<group>"; };
		D0A356811A39CB6100095BDE /* NotificationCenter.framework */ = {isa = PBXFileReference; lastKnownFileType = wrapper.framework; name = NotificationCenter.framework; path = System/Library/Frameworks/NotificationCenter.framework; sourceTree = SDKROOT; };
		D0A356951A3A0CF900095BDE /* Where Am I.appex */ = {isa = PBXFileReference; explicitFileType = "wrapper.app-extension"; includeInIndex = 0; path = "Where Am I.appex"; sourceTree = BUILT_PRODUCTS_DIR; };
		D0A356A41A3A0D4600095BDE /* Where Am I-Bridging-Header.h */ = {isa = PBXFileReference; lastKnownFileType = sourcecode.c.h; path = "Where Am I-Bridging-Header.h"; sourceTree = "<group>"; };
		D0A356A51A3A0D4700095BDE /* MainInterface.storyboard */ = {isa = PBXFileReference; fileEncoding = 4; lastKnownFileType = file.storyboard; path = MainInterface.storyboard; sourceTree = "<group>"; };
		D0A356A61A3A0D4700095BDE /* TodayViewController.swift */ = {isa = PBXFileReference; fileEncoding = 4; lastKnownFileType = sourcecode.swift; path = TodayViewController.swift; sourceTree = "<group>"; };
		D0A356AB1A3A0D6000095BDE /* Info.plist */ = {isa = PBXFileReference; fileEncoding = 4; lastKnownFileType = text.plist.xml; path = Info.plist; sourceTree = "<group>"; };
		D0F9A1321A2A70000065B15C /* Pitch Perfect.app */ = {isa = PBXFileReference; explicitFileType = wrapper.application; includeInIndex = 0; path = "Pitch Perfect.app"; sourceTree = BUILT_PRODUCTS_DIR; };
		D0F9A1361A2A70000065B15C /* Info.plist */ = {isa = PBXFileReference; lastKnownFileType = text.plist.xml; path = Info.plist; sourceTree = "<group>"; };
		D0F9A1371A2A70010065B15C /* AppDelegate.swift */ = {isa = PBXFileReference; lastKnownFileType = sourcecode.swift; path = AppDelegate.swift; sourceTree = "<group>"; };
		D0F9A1391A2A70020065B15C /* RecordSoundsViewController.swift */ = {isa = PBXFileReference; lastKnownFileType = sourcecode.swift; path = RecordSoundsViewController.swift; sourceTree = "<group>"; };
		D0F9A13C1A2A70020065B15C /* Base */ = {isa = PBXFileReference; lastKnownFileType = file.storyboard; name = Base; path = Base.lproj/Main.storyboard; sourceTree = "<group>"; };
		D0F9A13E1A2A70020065B15C /* Images.xcassets */ = {isa = PBXFileReference; lastKnownFileType = folder.assetcatalog; path = Images.xcassets; sourceTree = "<group>"; };
		D0F9A1411A2A70030065B15C /* Base */ = {isa = PBXFileReference; lastKnownFileType = file.xib; name = Base; path = Base.lproj/LaunchScreen.xib; sourceTree = "<group>"; };
		D0F9A1471A2A70030065B15C /* Pitch PerfectTests.xctest */ = {isa = PBXFileReference; explicitFileType = wrapper.cfbundle; includeInIndex = 0; path = "Pitch PerfectTests.xctest"; sourceTree = BUILT_PRODUCTS_DIR; };
		D0F9A14C1A2A70030065B15C /* Info.plist */ = {isa = PBXFileReference; lastKnownFileType = text.plist.xml; path = Info.plist; sourceTree = "<group>"; };
		D0F9A14D1A2A70030065B15C /* Pitch_PerfectTests.swift */ = {isa = PBXFileReference; lastKnownFileType = sourcecode.swift; path = Pitch_PerfectTests.swift; sourceTree = "<group>"; };
/* End PBXFileReference section */

/* Begin PBXFrameworksBuildPhase section */
		D0A356921A3A0CF900095BDE /* Frameworks */ = {
			isa = PBXFrameworksBuildPhase;
			buildActionMask = 2147483647;
			files = (
				D0A356961A3A0CFA00095BDE /* NotificationCenter.framework in Frameworks */,
			);
			runOnlyForDeploymentPostprocessing = 0;
		};
		D0F9A12F1A2A70000065B15C /* Frameworks */ = {
			isa = PBXFrameworksBuildPhase;
			buildActionMask = 2147483647;
			files = (
				D030341C1A3984F70013A5CA /* CoreLocation.framework in Frameworks */,
				D03033FD1A3877C40013A5CA /* AVFoundation.framework in Frameworks */,
			);
			runOnlyForDeploymentPostprocessing = 0;
		};
		D0F9A1441A2A70030065B15C /* Frameworks */ = {
			isa = PBXFrameworksBuildPhase;
			buildActionMask = 2147483647;
			files = (
			);
			runOnlyForDeploymentPostprocessing = 0;
		};
/* End PBXFrameworksBuildPhase section */

/* Begin PBXGroup section */
		D0A356971A3A0CFA00095BDE /* Where Am I */ = {
			isa = PBXGroup;
			children = (
				D0A356A61A3A0D4700095BDE /* TodayViewController.swift */,
				D0A356A51A3A0D4700095BDE /* MainInterface.storyboard */,
				D0A356AD1A3A0D6A00095BDE /* Supporting Files */,
				D0A356A41A3A0D4600095BDE /* Where Am I-Bridging-Header.h */,
			);
			path = "Where Am I";
			sourceTree = "<group>";
		};
		D0A356AD1A3A0D6A00095BDE /* Supporting Files */ = {
			isa = PBXGroup;
			children = (
				D0A356AB1A3A0D6000095BDE /* Info.plist */,
			);
			name = "Supporting Files";
			sourceTree = "<group>";
		};
		D0CE0E471A398B320078FCA1 /* Frameworks */ = {
			isa = PBXGroup;
			children = (
				D030341B1A3984F70013A5CA /* CoreLocation.framework */,
				D03033FC1A3877C40013A5CA /* AVFoundation.framework */,
				D0A356811A39CB6100095BDE /* NotificationCenter.framework */,
			);
			name = Frameworks;
			sourceTree = "<group>";
		};
		D0F9A1291A2A70000065B15C = {
			isa = PBXGroup;
			children = (
				D0F9A1341A2A70000065B15C /* Pitch Perfect */,
				D0A356971A3A0CFA00095BDE /* Where Am I */,
				D0CE0E471A398B320078FCA1 /* Frameworks */,
				D0F9A14A1A2A70030065B15C /* Pitch PerfectTests */,
				D0F9A1331A2A70000065B15C /* Products */,
			);
			sourceTree = "<group>";
		};
		D0F9A1331A2A70000065B15C /* Products */ = {
			isa = PBXGroup;
			children = (
				D0F9A1321A2A70000065B15C /* Pitch Perfect.app */,
				D0F9A1471A2A70030065B15C /* Pitch PerfectTests.xctest */,
				D0A356951A3A0CF900095BDE /* Where Am I.appex */,
			);
			name = Products;
			sourceTree = "<group>";
		};
		D0F9A1341A2A70000065B15C /* Pitch Perfect */ = {
			isa = PBXGroup;
			children = (
				D0F9A1371A2A70010065B15C /* AppDelegate.swift */,
				D0F9A1391A2A70020065B15C /* RecordSoundsViewController.swift */,
				D03033F81A3873570013A5CA /* PlaySoundsViewController.swift */,
				D03033FE1A3886C50013A5CA /* RecordedAudio.swift */,
				D0A356761A39BB7900095BDE /* LocationManager.swift */,
				D03034191A3984C10013A5CA /* LocationViewController.swift */,
				D0F9A13B1A2A70020065B15C /* Main.storyboard */,
				D0F9A13E1A2A70020065B15C /* Images.xcassets */,
				D0F9A1401A2A70030065B15C /* LaunchScreen.xib */,
				D0F9A1351A2A70000065B15C /* Supporting Files */,
				D079ADEC1A4085710025E248 /* IPAddress.h */,
				D079ADED1A4085710025E248 /* IPAddress.m */,
				D079ADF01A408B660025E248 /* ipaddress.c */,
				D079ADF41A408EA70025E248 /* cipaddress.h */,
			);
			path = "Pitch Perfect";
			sourceTree = "<group>";
		};
		D0F9A1351A2A70000065B15C /* Supporting Files */ = {
			isa = PBXGroup;
			children = (
				D03033FA1A3877900013A5CA /* movie_quote.mp3 */,
				D0F9A1361A2A70000065B15C /* Info.plist */,
			);
			name = "Supporting Files";
			sourceTree = "<group>";
		};
		D0F9A14A1A2A70030065B15C /* Pitch PerfectTests */ = {
			isa = PBXGroup;
			children = (
				D0F9A14D1A2A70030065B15C /* Pitch_PerfectTests.swift */,
				D0F9A14B1A2A70030065B15C /* Supporting Files */,
			);
			path = "Pitch PerfectTests";
			sourceTree = "<group>";
		};
		D0F9A14B1A2A70030065B15C /* Supporting Files */ = {
			isa = PBXGroup;
			children = (
				D0F9A14C1A2A70030065B15C /* Info.plist */,
			);
			name = "Supporting Files";
			sourceTree = "<group>";
		};
/* End PBXGroup section */

/* Begin PBXNativeTarget section */
		D0A356941A3A0CF900095BDE /* Where Am I */ = {
			isa = PBXNativeTarget;
			buildConfigurationList = D0A356A11A3A0CFA00095BDE /* Build configuration list for PBXNativeTarget "Where Am I" */;
			buildPhases = (
				D0A356911A3A0CF900095BDE /* Sources */,
				D0A356921A3A0CF900095BDE /* Frameworks */,
				D0A356931A3A0CF900095BDE /* Resources */,
			);
			buildRules = (
			);
			dependencies = (
			);
			name = "Where Am I";
			productName = "Where Am I";
			productReference = D0A356951A3A0CF900095BDE /* Where Am I.appex */;
			productType = "com.apple.product-type.app-extension";
		};
		D0F9A1311A2A70000065B15C /* Pitch Perfect */ = {
			isa = PBXNativeTarget;
			buildConfigurationList = D0F9A1511A2A70030065B15C /* Build configuration list for PBXNativeTarget "Pitch Perfect" */;
			buildPhases = (
				D0F9A12E1A2A70000065B15C /* Sources */,
				D0F9A12F1A2A70000065B15C /* Frameworks */,
				D0F9A1301A2A70000065B15C /* Resources */,
				D0A356901A39CB6100095BDE /* Embed App Extensions */,
			);
			buildRules = (
			);
			dependencies = (
			);
			name = "Pitch Perfect";
			productName = "Pitch Perfect";
			productReference = D0F9A1321A2A70000065B15C /* Pitch Perfect.app */;
			productType = "com.apple.product-type.application";
		};
		D0F9A1461A2A70030065B15C /* Pitch PerfectTests */ = {
			isa = PBXNativeTarget;
			buildConfigurationList = D0F9A1541A2A70030065B15C /* Build configuration list for PBXNativeTarget "Pitch PerfectTests" */;
			buildPhases = (
				D0F9A1431A2A70030065B15C /* Sources */,
				D0F9A1441A2A70030065B15C /* Frameworks */,
				D0F9A1451A2A70030065B15C /* Resources */,
			);
			buildRules = (
			);
			dependencies = (
				D0F9A1491A2A70030065B15C /* PBXTargetDependency */,
			);
			name = "Pitch PerfectTests";
			productName = "Pitch PerfectTests";
			productReference = D0F9A1471A2A70030065B15C /* Pitch PerfectTests.xctest */;
			productType = "com.apple.product-type.bundle.unit-test";
		};
/* End PBXNativeTarget section */

/* Begin PBXProject section */
		D0F9A12A1A2A70000065B15C /* Project object */ = {
			isa = PBXProject;
			attributes = {
				LastUpgradeCheck = 0610;
				ORGANIZATIONNAME = Insanity;
				TargetAttributes = {
					D0A356941A3A0CF900095BDE = {
						CreatedOnToolsVersion = 6.1;
					};
					D0F9A1311A2A70000065B15C = {
						CreatedOnToolsVersion = 6.1;
					};
					D0F9A1461A2A70030065B15C = {
						CreatedOnToolsVersion = 6.1;
						TestTargetID = D0F9A1311A2A70000065B15C;
					};
				};
			};
			buildConfigurationList = D0F9A12D1A2A70000065B15C /* Build configuration list for PBXProject "Pitch Perfect" */;
			compatibilityVersion = "Xcode 3.2";
			developmentRegion = English;
			hasScannedForEncodings = 0;
			knownRegions = (
				en,
				Base,
			);
			mainGroup = D0F9A1291A2A70000065B15C;
			productRefGroup = D0F9A1331A2A70000065B15C /* Products */;
			projectDirPath = "";
			projectRoot = "";
			targets = (
				D0F9A1311A2A70000065B15C /* Pitch Perfect */,
				D0F9A1461A2A70030065B15C /* Pitch PerfectTests */,
				D0A356941A3A0CF900095BDE /* Where Am I */,
			);
		};
/* End PBXProject section */

/* Begin PBXResourcesBuildPhase section */
		D0A356931A3A0CF900095BDE /* Resources */ = {
			isa = PBXResourcesBuildPhase;
			buildActionMask = 2147483647;
			files = (
				D0A356AC1A3A0D6000095BDE /* Info.plist in Resources */,
				D0A356A71A3A0D4700095BDE /* MainInterface.storyboard in Resources */,
			);
			runOnlyForDeploymentPostprocessing = 0;
		};
		D0F9A1301A2A70000065B15C /* Resources */ = {
			isa = PBXResourcesBuildPhase;
			buildActionMask = 2147483647;
			files = (
				D0F9A13D1A2A70020065B15C /* Main.storyboard in Resources */,
				D0F9A1421A2A70030065B15C /* LaunchScreen.xib in Resources */,
				D03033FB1A3877900013A5CA /* movie_quote.mp3 in Resources */,
				D0F9A13F1A2A70020065B15C /* Images.xcassets in Resources */,
			);
			runOnlyForDeploymentPostprocessing = 0;
		};
		D0F9A1451A2A70030065B15C /* Resources */ = {
			isa = PBXResourcesBuildPhase;
			buildActionMask = 2147483647;
			files = (
			);
			runOnlyForDeploymentPostprocessing = 0;
		};
/* End PBXResourcesBuildPhase section */

/* Begin PBXSourcesBuildPhase section */
		D0A356911A3A0CF900095BDE /* Sources */ = {
			isa = PBXSourcesBuildPhase;
			buildActionMask = 2147483647;
			files = (
				D0A356AE1A3A122500095BDE /* LocationManager.swift in Sources */,
				D0A356A81A3A0D4700095BDE /* TodayViewController.swift in Sources */,
				D079ADEF1A40863C0025E248 /* IPAddress.m in Sources */,
				D079ADF21A408D4D0025E248 /* ipaddress.c in Sources */,
			);
			runOnlyForDeploymentPostprocessing = 0;
		};
		D0F9A12E1A2A70000065B15C /* Sources */ = {
			isa = PBXSourcesBuildPhase;
			buildActionMask = 2147483647;
			files = (
				D030341A1A3984C10013A5CA /* LocationViewController.swift in Sources */,
				D03033FF1A3886C50013A5CA /* RecordedAudio.swift in Sources */,
				D0A356771A39BB7900095BDE /* LocationManager.swift in Sources */,
				D079ADF11A408B660025E248 /* ipaddress.c in Sources */,
				D0F9A13A1A2A70020065B15C /* RecordSoundsViewController.swift in Sources */,
				D079ADEE1A4085710025E248 /* IPAddress.m in Sources */,
				D03033F91A3873570013A5CA /* PlaySoundsViewController.swift in Sources */,
				D0F9A1381A2A70010065B15C /* AppDelegate.swift in Sources */,
			);
			runOnlyForDeploymentPostprocessing = 0;
		};
		D0F9A1431A2A70030065B15C /* Sources */ = {
			isa = PBXSourcesBuildPhase;
			buildActionMask = 2147483647;
			files = (
				D0F9A14E1A2A70030065B15C /* Pitch_PerfectTests.swift in Sources */,
			);
			runOnlyForDeploymentPostprocessing = 0;
		};
/* End PBXSourcesBuildPhase section */

/* Begin PBXTargetDependency section */
		D0F9A1491A2A70030065B15C /* PBXTargetDependency */ = {
			isa = PBXTargetDependency;
			target = D0F9A1311A2A70000065B15C /* Pitch Perfect */;
			targetProxy = D0F9A1481A2A70030065B15C /* PBXContainerItemProxy */;
		};
/* End PBXTargetDependency section */

/* Begin PBXVariantGroup section */
		D0F9A13B1A2A70020065B15C /* Main.storyboard */ = {
			isa = PBXVariantGroup;
			children = (
				D0F9A13C1A2A70020065B15C /* Base */,
			);
			name = Main.storyboard;
			sourceTree = "<group>";
		};
		D0F9A1401A2A70030065B15C /* LaunchScreen.xib */ = {
			isa = PBXVariantGroup;
			children = (
				D0F9A1411A2A70030065B15C /* Base */,
			);
			name = LaunchScreen.xib;
			sourceTree = "<group>";
		};
/* End PBXVariantGroup section */

/* Begin XCBuildConfiguration section */
		D0A356A21A3A0CFA00095BDE /* Debug */ = {
			isa = XCBuildConfiguration;
			buildSettings = {
				CLANG_ENABLE_MODULES = YES;
				GCC_PREPROCESSOR_DEFINITIONS = (
					"DEBUG=1",
					"$(inherited)",
				);
				INFOPLIST_FILE = "Where Am I/Info.plist";
				IPHONEOS_DEPLOYMENT_TARGET = 8.0;
				LD_RUNPATH_SEARCH_PATHS = "$(inherited) @executable_path/Frameworks @executable_path/../../Frameworks";
				PRODUCT_NAME = "$(TARGET_NAME)";
				SKIP_INSTALL = YES;
				SWIFT_OBJC_BRIDGING_HEADER = "Where Am I/Where Am I-Bridging-Header.h";
				SWIFT_OPTIMIZATION_LEVEL = "-Onone";
			};
			name = Debug;
		};
		D0A356A31A3A0CFA00095BDE /* Release */ = {
			isa = XCBuildConfiguration;
			buildSettings = {
				CLANG_ENABLE_MODULES = YES;
				INFOPLIST_FILE = "Where Am I/Info.plist";
				IPHONEOS_DEPLOYMENT_TARGET = 8.0;
				LD_RUNPATH_SEARCH_PATHS = "$(inherited) @executable_path/Frameworks @executable_path/../../Frameworks";
				PRODUCT_NAME = "$(TARGET_NAME)";
				SKIP_INSTALL = YES;
				SWIFT_OBJC_BRIDGING_HEADER = "Where Am I/Where Am I-Bridging-Header.h";
			};
			name = Release;
		};
		D0F9A14F1A2A70030065B15C /* Debug */ = {
			isa = XCBuildConfiguration;
			buildSettings = {
				ALWAYS_SEARCH_USER_PATHS = NO;
				CLANG_CXX_LANGUAGE_STANDARD = "gnu++0x";
				CLANG_CXX_LIBRARY = "libc++";
				CLANG_ENABLE_MODULES = YES;
				CLANG_ENABLE_OBJC_ARC = YES;
				CLANG_WARN_BOOL_CONVERSION = YES;
				CLANG_WARN_CONSTANT_CONVERSION = YES;
				CLANG_WARN_DIRECT_OBJC_ISA_USAGE = YES_ERROR;
				CLANG_WARN_EMPTY_BODY = YES;
				CLANG_WARN_ENUM_CONVERSION = YES;
				CLANG_WARN_INT_CONVERSION = YES;
				CLANG_WARN_OBJC_ROOT_CLASS = YES_ERROR;
				CLANG_WARN_UNREACHABLE_CODE = YES;
				CLANG_WARN__DUPLICATE_METHOD_MATCH = YES;
				"CODE_SIGN_IDENTITY[sdk=iphoneos*]" = "iPhone Developer";
				COPY_PHASE_STRIP = NO;
				ENABLE_STRICT_OBJC_MSGSEND = YES;
				GCC_C_LANGUAGE_STANDARD = gnu99;
				GCC_DYNAMIC_NO_PIC = NO;
				GCC_OPTIMIZATION_LEVEL = 0;
				GCC_PREPROCESSOR_DEFINITIONS = (
					"DEBUG=1",
					"$(inherited)",
				);
				GCC_SYMBOLS_PRIVATE_EXTERN = NO;
				GCC_WARN_64_TO_32_BIT_CONVERSION = YES;
				GCC_WARN_ABOUT_RETURN_TYPE = YES_ERROR;
				GCC_WARN_UNDECLARED_SELECTOR = YES;
				GCC_WARN_UNINITIALIZED_AUTOS = YES_AGGRESSIVE;
				GCC_WARN_UNUSED_FUNCTION = YES;
				GCC_WARN_UNUSED_VARIABLE = YES;
				IPHONEOS_DEPLOYMENT_TARGET = 7.0;
				MTL_ENABLE_DEBUG_INFO = YES;
				ONLY_ACTIVE_ARCH = YES;
				SDKROOT = iphoneos;
				SWIFT_OPTIMIZATION_LEVEL = "-Onone";
			};
			name = Debug;
		};
		D0F9A1501A2A70030065B15C /* Release */ = {
			isa = XCBuildConfiguration;
			buildSettings = {
				ALWAYS_SEARCH_USER_PATHS = NO;
				CLANG_CXX_LANGUAGE_STANDARD = "gnu++0x";
				CLANG_CXX_LIBRARY = "libc++";
				CLANG_ENABLE_MODULES = YES;
				CLANG_ENABLE_OBJC_ARC = YES;
				CLANG_WARN_BOOL_CONVERSION = YES;
				CLANG_WARN_CONSTANT_CONVERSION = YES;
				CLANG_WARN_DIRECT_OBJC_ISA_USAGE = YES_ERROR;
				CLANG_WARN_EMPTY_BODY = YES;
				CLANG_WARN_ENUM_CONVERSION = YES;
				CLANG_WARN_INT_CONVERSION = YES;
				CLANG_WARN_OBJC_ROOT_CLASS = YES_ERROR;
				CLANG_WARN_UNREACHABLE_CODE = YES;
				CLANG_WARN__DUPLICATE_METHOD_MATCH = YES;
				"CODE_SIGN_IDENTITY[sdk=iphoneos*]" = "iPhone Developer";
				COPY_PHASE_STRIP = YES;
				ENABLE_NS_ASSERTIONS = NO;
				ENABLE_STRICT_OBJC_MSGSEND = YES;
				GCC_C_LANGUAGE_STANDARD = gnu99;
				GCC_WARN_64_TO_32_BIT_CONVERSION = YES;
				GCC_WARN_ABOUT_RETURN_TYPE = YES_ERROR;
				GCC_WARN_UNDECLARED_SELECTOR = YES;
				GCC_WARN_UNINITIALIZED_AUTOS = YES_AGGRESSIVE;
				GCC_WARN_UNUSED_FUNCTION = YES;
				GCC_WARN_UNUSED_VARIABLE = YES;
				IPHONEOS_DEPLOYMENT_TARGET = 7.0;
				MTL_ENABLE_DEBUG_INFO = NO;
				SDKROOT = iphoneos;
				VALIDATE_PRODUCT = YES;
			};
			name = Release;
		};
		D0F9A1521A2A70030065B15C /* Debug */ = {
			isa = XCBuildConfiguration;
			buildSettings = {
				ASSETCATALOG_COMPILER_APPICON_NAME = AppIcon;
				CLANG_ENABLE_MODULES = YES;
				EMBEDDED_CONTENT_CONTAINS_SWIFT = YES;
				INFOPLIST_FILE = "Pitch Perfect/Info.plist";
				IPHONEOS_DEPLOYMENT_TARGET = 7.0;
				LD_RUNPATH_SEARCH_PATHS = "$(inherited) @executable_path/Frameworks";
				PRODUCT_NAME = "$(TARGET_NAME)";
				SWIFT_OBJC_BRIDGING_HEADER = "Pitch Perfect/Pitch Perfect-Bridging-Header.h";
				SWIFT_OPTIMIZATION_LEVEL = "-Onone";
			};
			name = Debug;
		};
		D0F9A1531A2A70030065B15C /* Release */ = {
			isa = XCBuildConfiguration;
			buildSettings = {
				ASSETCATALOG_COMPILER_APPICON_NAME = AppIcon;
				CLANG_ENABLE_MODULES = YES;
				EMBEDDED_CONTENT_CONTAINS_SWIFT = YES;
				INFOPLIST_FILE = "Pitch Perfect/Info.plist";
				IPHONEOS_DEPLOYMENT_TARGET = 7.0;
				LD_RUNPATH_SEARCH_PATHS = "$(inherited) @executable_path/Frameworks";
				PRODUCT_NAME = "$(TARGET_NAME)";
				SWIFT_OBJC_BRIDGING_HEADER = "Pitch Perfect/Pitch Perfect-Bridging-Header.h";
			};
			name = Release;
		};
		D0F9A1551A2A70030065B15C /* Debug */ = {
			isa = XCBuildConfiguration;
			buildSettings = {
				BUNDLE_LOADER = "$(TEST_HOST)";
				FRAMEWORK_SEARCH_PATHS = (
					"$(SDKROOT)/Developer/Library/Frameworks",
					"$(inherited)",
				);
				GCC_PREPROCESSOR_DEFINITIONS = (
					"DEBUG=1",
					"$(inherited)",
				);
				INFOPLIST_FILE = "Pitch PerfectTests/Info.plist";
				LD_RUNPATH_SEARCH_PATHS = "$(inherited) @executable_path/Frameworks @loader_path/Frameworks";
				PRODUCT_NAME = "$(TARGET_NAME)";
				TEST_HOST = "$(BUILT_PRODUCTS_DIR)/Pitch Perfect.app/Pitch Perfect";
			};
			name = Debug;
		};
		D0F9A1561A2A70030065B15C /* Release */ = {
			isa = XCBuildConfiguration;
			buildSettings = {
				BUNDLE_LOADER = "$(TEST_HOST)";
				FRAMEWORK_SEARCH_PATHS = (
					"$(SDKROOT)/Developer/Library/Frameworks",
					"$(inherited)",
				);
				INFOPLIST_FILE = "Pitch PerfectTests/Info.plist";
				LD_RUNPATH_SEARCH_PATHS = "$(inherited) @executable_path/Frameworks @loader_path/Frameworks";
				PRODUCT_NAME = "$(TARGET_NAME)";
				TEST_HOST = "$(BUILT_PRODUCTS_DIR)/Pitch Perfect.app/Pitch Perfect";
			};
			name = Release;
		};
/* End XCBuildConfiguration section */

/* Begin XCConfigurationList section */
		D0A356A11A3A0CFA00095BDE /* Build configuration list for PBXNativeTarget "Where Am I" */ = {
			isa = XCConfigurationList;
			buildConfigurations = (
				D0A356A21A3A0CFA00095BDE /* Debug */,
				D0A356A31A3A0CFA00095BDE /* Release */,
			);
			defaultConfigurationIsVisible = 0;
			defaultConfigurationName = Release;
		};
		D0F9A12D1A2A70000065B15C /* Build configuration list for PBXProject "Pitch Perfect" */ = {
			isa = XCConfigurationList;
			buildConfigurations = (
				D0F9A14F1A2A70030065B15C /* Debug */,
				D0F9A1501A2A70030065B15C /* Release */,
			);
			defaultConfigurationIsVisible = 0;
			defaultConfigurationName = Release;
		};
		D0F9A1511A2A70030065B15C /* Build configuration list for PBXNativeTarget "Pitch Perfect" */ = {
			isa = XCConfigurationList;
			buildConfigurations = (
				D0F9A1521A2A70030065B15C /* Debug */,
				D0F9A1531A2A70030065B15C /* Release */,
			);
			defaultConfigurationIsVisible = 0;
			defaultConfigurationName = Release;
		};
		D0F9A1541A2A70030065B15C /* Build configuration list for PBXNativeTarget "Pitch PerfectTests" */ = {
			isa = XCConfigurationList;
			buildConfigurations = (
				D0F9A1551A2A70030065B15C /* Debug */,
				D0F9A1561A2A70030065B15C /* Release */,
			);
			defaultConfigurationIsVisible = 0;
			defaultConfigurationName = Release;
		};
/* End XCConfigurationList section */
	};
	rootObject = D0F9A12A1A2A70000065B15C /* Project object */;
}
